
Microsoft Visual Studio Solution File, Format Version 12.00
# Visual Studio Version 16
VisualStudioVersion = 16.0.30011.22
MinimumVisualStudioVersion = 10.0.40219.1
Project("{E24C65DC-7377-472B-9ABA-BC803B73C61A}") = "baoming", "baoming\", "{4607D01B-C1AD-4726-B7F6-BE1D129DF5C5}"
	ProjectSection(WebsiteProperties) = preProject
		SccProjectName = "SAK"
		SccAuxPath = "SAK"
		SccLocalPath = "SAK"
		SccProvider = "SAK"
		TargetFrameworkMoniker = ".NETFramework,Version%3Dv4.7"
		Debug.AspNetCompiler.VirtualPath = "/BaoMing"
		Debug.AspNetCompiler.PhysicalPath = "baoming\"
		Debug.AspNetCompiler.TargetPath = "PrecompiledWeb\BaoMing\"
		Debug.AspNetCompiler.Updateable = "false"
		Debug.AspNetCompiler.ForceOverwrite = "true"
		Debug.AspNetCompiler.FixedNames = "false"
		Debug.AspNetCompiler.Debug = "True"
		Release.AspNetCompiler.VirtualPath = "/BaoMing"
		Release.AspNetCompiler.PhysicalPath = "baoming\"
		Release.AspNetCompiler.TargetPath = "PrecompiledWeb\BaoMing\"
		Release.AspNetCompiler.Updateable = "false"
		Release.AspNetCompiler.ForceOverwrite = "true"
		Release.AspNetCompiler.FixedNames = "false"
		Release.AspNetCompiler.Debug = "False"
		VWDPort = "4863"
		SlnRelativePath = "baoming\"
	EndProjectSection
EndProject
Project("{9A19103F-16F7-4668-BE54-9A1E7A4F7556}") = "WebAppBaoMing", "WebAppBaoMing\WebAppBaoMing.csproj", "{5C01BA85-BFE5-4BA6-A275-AA7CCDE78BD2}"
EndProject
Global
	GlobalSection(SolutionConfigurationPlatforms) = preSolution
		Debug|Any CPU = Debug|Any CPU
		Release|Any CPU = Release|Any CPU
	EndGlobalSection
	GlobalSection(ProjectConfigurationPlatforms) = postSolution
		{4607D01B-C1AD-4726-B7F6-BE1D129DF5C5}.Debug|Any CPU.ActiveCfg = Debug|Any CPU
		{4607D01B-C1AD-4726-B7F6-BE1D129DF5C5}.Debug|Any CPU.Build.0 = Debug|Any CPU
		{4607D01B-C1AD-4726-B7F6-BE1D129DF5C5}.Release|Any CPU.ActiveCfg = Debug|Any CPU
		{4607D01B-C1AD-4726-B7F6-BE1D129DF5C5}.Release|Any CPU.Build.0 = Debug|Any CPU
		{5C01BA85-BFE5-4BA6-A275-AA7CCDE78BD2}.Debug|Any CPU.ActiveCfg = Debug|Any CPU
		{5C01BA85-BFE5-4BA6-A275-AA7CCDE78BD2}.Debug|Any CPU.Build.0 = Debug|Any CPU
		{5C01BA85-BFE5-4BA6-A275-AA7CCDE78BD2}.Release|Any CPU.ActiveCfg = Release|Any CPU
		{5C01BA85-BFE5-4BA6-A275-AA7CCDE78BD2}.Release|Any CPU.Build.0 = Release|Any CPU
	EndGlobalSection
	GlobalSection(SolutionProperties) = preSolution
		HideSolutionNode = FALSE
	EndGlobalSection
	GlobalSection(ExtensibilityGlobals) = postSolution
		SolutionGuid = {D890AF2A-5829-40E4-8CC2-55149E566F1D}
	EndGlobalSection
EndGlobal
